
Microsoft Visual Studio Solution File, Format Version 12.00
# Visual Studio 15
VisualStudioVersion = 15.0.26124.0
MinimumVisualStudioVersion = 15.0.26124.0
Project("{FAE04EC0-301F-11D3-BF4B-00C04F79EFBC}") = "Tests", "tests\Tests.csproj", "{83CF6D2D-6D78-4992-927A-C5DF0BB38702}"
EndProject
Project("{2150E333-8FDC-42A3-9474-1A3956D46DE8}") = "src", "src", "{C6EE7D1E-380A-450A-BE62-8FCCEE6CD67D}"
EndProject
Project("{FAE04EC0-301F-11D3-BF4B-00C04F79EFBC}") = "GatewayAdapter", "src\GatewayAdapter\GatewayAdapter.csproj", "{C83AC63E-ACA3-46A1-8C9E-7EF1FE5BFF3A}"
EndProject
Project("{FAE04EC0-301F-11D3-BF4B-00C04F79EFBC}") = "Generators", "src\Generators\Generators.csproj", "{738352A9-4807-48E4-8BFD-D330B45C2F2D}"
EndProject
Project("{FAE04EC0-301F-11D3-BF4B-00C04F79EFBC}") = "Core", "src\Core\Core.csproj", "{0E179619-9F77-4262-9DCC-3177AB716E26}"
EndProject
Project("{FAE04EC0-301F-11D3-BF4B-00C04F79EFBC}") = "Models", "src\Models\Models.csproj", "{209B7005-FA16-4EED-980B-21594C8DE5C0}"
EndProject
Project("{FAE04EC0-301F-11D3-BF4B-00C04F79EFBC}") = "RestQueue", "src\RestQueue\RestQueue.csproj", "{1BBDD8F2-DCAB-4E50-8D39-37C345A1054F}"
EndProject
Global
	GlobalSection(SolutionConfigurationPlatforms) = preSolution
		Debug|Any CPU = Debug|Any CPU
		Debug|x64 = Debug|x64
		Debug|x86 = Debug|x86
		Release|Any CPU = Release|Any CPU
		Release|x64 = Release|x64
		Release|x86 = Release|x86
	EndGlobalSection
	GlobalSection(SolutionProperties) = preSolution
		HideSolutionNode = FALSE
	EndGlobalSection
	GlobalSection(ProjectConfigurationPlatforms) = postSolution
		{83CF6D2D-6D78-4992-927A-C5DF0BB38702}.Debug|Any CPU.ActiveCfg = Debug|Any CPU
		{83CF6D2D-6D78-4992-927A-C5DF0BB38702}.Debug|Any CPU.Build.0 = Debug|Any CPU
		{83CF6D2D-6D78-4992-927A-C5DF0BB38702}.Debug|x64.ActiveCfg = Debug|Any CPU
		{83CF6D2D-6D78-4992-927A-C5DF0BB38702}.Debug|x64.Build.0 = Debug|Any CPU
		{83CF6D2D-6D78-4992-927A-C5DF0BB38702}.Debug|x86.ActiveCfg = Debug|Any CPU
		{83CF6D2D-6D78-4992-927A-C5DF0BB38702}.Debug|x86.Build.0 = Debug|Any CPU
		{83CF6D2D-6D78-4992-927A-C5DF0BB38702}.Release|Any CPU.ActiveCfg = Release|Any CPU
		{83CF6D2D-6D78-4992-927A-C5DF0BB38702}.Release|Any CPU.Build.0 = Release|Any CPU
		{83CF6D2D-6D78-4992-927A-C5DF0BB38702}.Release|x64.ActiveCfg = Release|Any CPU
		{83CF6D2D-6D78-4992-927A-C5DF0BB38702}.Release|x64.Build.0 = Release|Any CPU
		{83CF6D2D-6D78-4992-927A-C5DF0BB38702}.Release|x86.ActiveCfg = Release|Any CPU
		{83CF6D2D-6D78-4992-927A-C5DF0BB38702}.Release|x86.Build.0 = Release|Any CPU
		{C83AC63E-ACA3-46A1-8C9E-7EF1FE5BFF3A}.Debug|Any CPU.ActiveCfg = Debug|Any CPU
		{C83AC63E-ACA3-46A1-8C9E-7EF1FE5BFF3A}.Debug|Any CPU.Build.0 = Debug|Any CPU
		{C83AC63E-ACA3-46A1-8C9E-7EF1FE5BFF3A}.Debug|x64.ActiveCfg = Debug|Any CPU
		{C83AC63E-ACA3-46A1-8C9E-7EF1FE5BFF3A}.Debug|x64.Build.0 = Debug|Any CPU
		{C83AC63E-ACA3-46A1-8C9E-7EF1FE5BFF3A}.Debug|x86.ActiveCfg = Debug|Any CPU
		{C83AC63E-ACA3-46A1-8C9E-7EF1FE5BFF3A}.Debug|x86.Build.0 = Debug|Any CPU
		{C83AC63E-ACA3-46A1-8C9E-7EF1FE5BFF3A}.Release|Any CPU.ActiveCfg = Release|Any CPU
		{C83AC63E-ACA3-46A1-8C9E-7EF1FE5BFF3A}.Release|Any CPU.Build.0 = Release|Any CPU
		{C83AC63E-ACA3-46A1-8C9E-7EF1FE5BFF3A}.Release|x64.ActiveCfg = Release|Any CPU
		{C83AC63E-ACA3-46A1-8C9E-7EF1FE5BFF3A}.Release|x64.Build.0 = Release|Any CPU
		{C83AC63E-ACA3-46A1-8C9E-7EF1FE5BFF3A}.Release|x86.ActiveCfg = Release|Any CPU
		{C83AC63E-ACA3-46A1-8C9E-7EF1FE5BFF3A}.Release|x86.Build.0 = Release|Any CPU
		{738352A9-4807-48E4-8BFD-D330B45C2F2D}.Debug|Any CPU.ActiveCfg = Debug|Any CPU
		{738352A9-4807-48E4-8BFD-D330B45C2F2D}.Debug|Any CPU.Build.0 = Debug|Any CPU
		{738352A9-4807-48E4-8BFD-D330B45C2F2D}.Debug|x64.ActiveCfg = Debug|Any CPU
		{738352A9-4807-48E4-8BFD-D330B45C2F2D}.Debug|x64.Build.0 = Debug|Any CPU
		{738352A9-4807-48E4-8BFD-D330B45C2F2D}.Debug|x86.ActiveCfg = Debug|Any CPU
		{738352A9-4807-48E4-8BFD-D330B45C2F2D}.Debug|x86.Build.0 = Debug|Any CPU
		{738352A9-4807-48E4-8BFD-D330B45C2F2D}.Release|Any CPU.ActiveCfg = Release|Any CPU
		{738352A9-4807-48E4-8BFD-D330B45C2F2D}.Release|Any CPU.Build.0 = Release|Any CPU
		{738352A9-4807-48E4-8BFD-D330B45C2F2D}.Release|x64.ActiveCfg = Release|Any CPU
		{738352A9-4807-48E4-8BFD-D330B45C2F2D}.Release|x64.Build.0 = Release|Any CPU
		{738352A9-4807-48E4-8BFD-D330B45C2F2D}.Release|x86.ActiveCfg = Release|Any CPU
		{738352A9-4807-48E4-8BFD-D330B45C2F2D}.Release|x86.Build.0 = Release|Any CPU
		{0E179619-9F77-4262-9DCC-3177AB716E26}.Debug|Any CPU.ActiveCfg = Debug|Any CPU
		{0E179619-9F77-4262-9DCC-3177AB716E26}.Debug|Any CPU.Build.0 = Debug|Any CPU
		{0E179619-9F77-4262-9DCC-3177AB716E26}.Debug|x64.ActiveCfg = Debug|Any CPU
		{0E179619-9F77-4262-9DCC-3177AB716E26}.Debug|x64.Build.0 = Debug|Any CPU
		{0E179619-9F77-4262-9DCC-3177AB716E26}.Debug|x86.ActiveCfg = Debug|Any CPU
		{0E179619-9F77-4262-9DCC-3177AB716E26}.Debug|x86.Build.0 = Debug|Any CPU
		{0E179619-9F77-4262-9DCC-3177AB716E26}.Release|Any CPU.ActiveCfg = Release|Any CPU
		{0E179619-9F77-4262-9DCC-3177AB716E26}.Release|Any CPU.Build.0 = Release|Any CPU
		{0E179619-9F77-4262-9DCC-3177AB716E26}.Release|x64.ActiveCfg = Release|Any CPU
		{0E179619-9F77-4262-9DCC-3177AB716E26}.Release|x64.Build.0 = Release|Any CPU
		{0E179619-9F77-4262-9DCC-3177AB716E26}.Release|x86.ActiveCfg = Release|Any CPU
		{0E179619-9F77-4262-9DCC-3177AB716E26}.Release|x86.Build.0 = Release|Any CPU
		{209B7005-FA16-4EED-980B-21594C8DE5C0}.Debug|Any CPU.ActiveCfg = Debug|Any CPU
		{209B7005-FA16-4EED-980B-21594C8DE5C0}.Debug|Any CPU.Build.0 = Debug|Any CPU
		{209B7005-FA16-4EED-980B-21594C8DE5C0}.Debug|x64.ActiveCfg = Debug|Any CPU
		{209B7005-FA16-4EED-980B-21594C8DE5C0}.Debug|x64.Build.0 = Debug|Any CPU
		{209B7005-FA16-4EED-980B-21594C8DE5C0}.Debug|x86.ActiveCfg = Debug|Any CPU
		{209B7005-FA16-4EED-980B-21594C8DE5C0}.Debug|x86.Build.0 = Debug|Any CPU
		{209B7005-FA16-4EED-980B-21594C8DE5C0}.Release|Any CPU.ActiveCfg = Release|Any CPU
		{209B7005-FA16-4EED-980B-21594C8DE5C0}.Release|Any CPU.Build.0 = Release|Any CPU
		{209B7005-FA16-4EED-980B-21594C8DE5C0}.Release|x64.ActiveCfg = Release|Any CPU
		{209B7005-FA16-4EED-980B-21594C8DE5C0}.Release|x64.Build.0 = Release|Any CPU
		{209B7005-FA16-4EED-980B-21594C8DE5C0}.Release|x86.ActiveCfg = Release|Any CPU
		{209B7005-FA16-4EED-980B-21594C8DE5C0}.Release|x86.Build.0 = Release|Any CPU
		{1BBDD8F2-DCAB-4E50-8D39-37C345A1054F}.Debug|Any CPU.ActiveCfg = Debug|Any CPU
		{1BBDD8F2-DCAB-4E50-8D39-37C345A1054F}.Debug|Any CPU.Build.0 = Debug|Any CPU
		{1BBDD8F2-DCAB-4E50-8D39-37C345A1054F}.Debug|x64.ActiveCfg = Debug|Any CPU
		{1BBDD8F2-DCAB-4E50-8D39-37C345A1054F}.Debug|x64.Build.0 = Debug|Any CPU
		{1BBDD8F2-DCAB-4E50-8D39-37C345A1054F}.Debug|x86.ActiveCfg = Debug|Any CPU
		{1BBDD8F2-DCAB-4E50-8D39-37C345A1054F}.Debug|x86.Build.0 = Debug|Any CPU
		{1BBDD8F2-DCAB-4E50-8D39-37C345A1054F}.Release|Any CPU.ActiveCfg = Release|Any CPU
		{1BBDD8F2-DCAB-4E50-8D39-37C345A1054F}.Release|Any CPU.Build.0 = Release|Any CPU
		{1BBDD8F2-DCAB-4E50-8D39-37C345A1054F}.Release|x64.ActiveCfg = Release|Any CPU
		{1BBDD8F2-DCAB-4E50-8D39-37C345A1054F}.Release|x64.Build.0 = Release|Any CPU
		{1BBDD8F2-DCAB-4E50-8D39-37C345A1054F}.Release|x86.ActiveCfg = Release|Any CPU
		{1BBDD8F2-DCAB-4E50-8D39-37C345A1054F}.Release|x86.Build.0 = Release|Any CPU
	EndGlobalSection
	GlobalSection(NestedProjects) = preSolution
		{C83AC63E-ACA3-46A1-8C9E-7EF1FE5BFF3A} = {C6EE7D1E-380A-450A-BE62-8FCCEE6CD67D}
		{738352A9-4807-48E4-8BFD-D330B45C2F2D} = {C6EE7D1E-380A-450A-BE62-8FCCEE6CD67D}
		{0E179619-9F77-4262-9DCC-3177AB716E26} = {C6EE7D1E-380A-450A-BE62-8FCCEE6CD67D}
		{209B7005-FA16-4EED-980B-21594C8DE5C0} = {C6EE7D1E-380A-450A-BE62-8FCCEE6CD67D}
		{1BBDD8F2-DCAB-4E50-8D39-37C345A1054F} = {C6EE7D1E-380A-450A-BE62-8FCCEE6CD67D}
	EndGlobalSection
EndGlobal
