{
  "version": 1,
  "dependencies": {
    "net6.0": {
      "AWSSDK.ECR": {
        "type": "Direct",
        "requested": "[3.7.2.22, )",
        "resolved": "3.7.2.22",
        "contentHash": "TPb0mD1+RLzvySLysjzVnrqGVLt8H2LZ1PsyNQezPHnUStAymx01a8fmYHqr0lHs2JIqaO5l6SzPqkUeA+ofiQ==",
        "dependencies": {
          "AWSSDK.Core": "[3.7.7.2, 4.0.0)"
        }
      },
      "AWSSDK.ECRPublic": {
        "type": "Direct",
        "requested": "[3.7.0.125, )",
        "resolved": "3.7.0.125",
        "contentHash": "z4ULN1te1ZmYkDXubbu968Cn63ziKRZTnEyaTg6aWNkZLzQYUgbrGgGB3FKKOn8/x1DKeR4h8f8nm5qEiTmdkw==",
        "dependencies": {
          "AWSSDK.Core": "[3.7.7.2, 4.0.0)"
        }
      },
      "StyleCop.Analyzers": {
        "type": "Direct",
        "requested": "[1.2.0-beta.354, )",
        "resolved": "1.2.0-beta.354",
        "contentHash": "oDSJNxnEvIzAQTkpkc/FnJP4dQ7TV6fHMsI+2ckU5DOaMiwiEfh1fawMsSqz2bCoNwbTt9lS6MgYvyVKujNJoA==",
        "dependencies": {
          "StyleCop.Analyzers.Unstable": "1.2.0.354"
        }
      },
      "AWSSDK.Core": {
        "type": "Transitive",
        "resolved": "3.7.7.2",
        "contentHash": "y+wj332LjYM+8lkMPaPNkGF2Xqa2NiRg3sZ9i3HIMmzOCksaU/WCsCEUJRPHSQe2GDaHqpUiVwJ8ty6PjwpGGg=="
      },
      "StyleCop.Analyzers.Unstable": {
        "type": "Transitive",
        "resolved": "1.2.0.354",
        "contentHash": "/3RlM31XbJ02gaWh7dVumWOyMvGHswb/zygGJXd9oEJMRyyYc/HFJlAC5gBPxvi9cB4CMvIyyUTmZz5VLKwTvg=="
      }
    }
  }
}