{
  "version": 1,
  "dependencies": {
    "net7.0": {
      "AWSSDK.ECR": {
        "type": "Direct",
        "requested": "[3.7.100.105, )",
        "resolved": "3.7.100.105",
        "contentHash": "2Rnqg3VjR71Sk7Zd/x8lIhY2rfd7y9rfsVxIXvyNnYKWewJPjLxY1E4qZ760LBFZL79k8d0o72fubqHgjIpv1g==",
        "dependencies": {
          "AWSSDK.Core": "[3.7.106.12, 4.0.0)"
        }
      },
      "AWSSDK.ECRPublic": {
        "type": "Direct",
        "requested": "[3.7.101.54, )",
        "resolved": "3.7.101.54",
        "contentHash": "Avtnu5SESekk0k5b64D0VvI4MGIbeGP2xi0uS2N1SHs1HRpvrMa0hBSVutElqnCbPquKVvKKKiY+D1xzHYpsWQ==",
        "dependencies": {
          "AWSSDK.Core": "[3.7.106.12, 4.0.0)"
        }
      },
      "StyleCop.Analyzers": {
        "type": "Direct",
        "requested": "[1.2.0-beta.354, )",
        "resolved": "1.2.0-beta.354",
        "contentHash": "oDSJNxnEvIzAQTkpkc/FnJP4dQ7TV6fHMsI+2ckU5DOaMiwiEfh1fawMsSqz2bCoNwbTt9lS6MgYvyVKujNJoA==",
        "dependencies": {
          "StyleCop.Analyzers.Unstable": "1.2.0.354"
        }
      },
      "AWSSDK.Core": {
        "type": "Transitive",
        "resolved": "3.7.106.12",
        "contentHash": "qD649MG2hmNOzvlzBq9AqBZsgUNCjvvNasCu4HZRGGDBrzZIm90OnWJhW0pDe3Vd3YmICjAH5acMjLgim8DnZQ=="
      },
      "StyleCop.Analyzers.Unstable": {
        "type": "Transitive",
        "resolved": "1.2.0.354",
        "contentHash": "/3RlM31XbJ02gaWh7dVumWOyMvGHswb/zygGJXd9oEJMRyyYc/HFJlAC5gBPxvi9cB4CMvIyyUTmZz5VLKwTvg=="
      }
    }
  }
}