{
  "version": 1,
  "dependencies": {
    "net6.0": {
      "AWSSDK.ECR": {
        "type": "Direct",
        "requested": "[3.7.4.14, )",
        "resolved": "3.7.4.14",
        "contentHash": "68WGw1LXJL4hmn1qx2vqR+SRPWdE0AS+JJQdeaX3FOQKM4w/puTfetPmbV66+XztMSkX7chneNiF71YnG88JGg==",
        "dependencies": {
          "AWSSDK.Core": "[3.7.10.13, 4.0.0)"
        }
      },
      "AWSSDK.ECRPublic": {
        "type": "Direct",
        "requested": "[3.7.0.152, )",
        "resolved": "3.7.0.152",
        "contentHash": "dbK0914uVu9+xgwwcAqvPKZowGym7RmurBoqCqyt/OLJ8oTqGVuxzwdr6/Kfir1wHehUzPg0llTG+jw4rDwc1Q==",
        "dependencies": {
          "AWSSDK.Core": "[3.7.10.13, 4.0.0)"
        }
      },
      "StyleCop.Analyzers": {
        "type": "Direct",
        "requested": "[1.2.0-beta.354, )",
        "resolved": "1.2.0-beta.354",
        "contentHash": "oDSJNxnEvIzAQTkpkc/FnJP4dQ7TV6fHMsI+2ckU5DOaMiwiEfh1fawMsSqz2bCoNwbTt9lS6MgYvyVKujNJoA==",
        "dependencies": {
          "StyleCop.Analyzers.Unstable": "1.2.0.354"
        }
      },
      "AWSSDK.Core": {
        "type": "Transitive",
        "resolved": "3.7.10.13",
        "contentHash": "hTEK40Xc7d4hjUenalhyLd2MGtbV5tH5BfQGZVS38AVIo6uYM7KMGT3Ey/DRETarn5yh3OYC1hoIOeYtTHwIuw=="
      },
      "StyleCop.Analyzers.Unstable": {
        "type": "Transitive",
        "resolved": "1.2.0.354",
        "contentHash": "/3RlM31XbJ02gaWh7dVumWOyMvGHswb/zygGJXd9oEJMRyyYc/HFJlAC5gBPxvi9cB4CMvIyyUTmZz5VLKwTvg=="
      }
    }
  }
}