{
  "version": 1,
  "dependencies": {
    ".NETCoreApp,Version=v5.0": {
      "Microsoft.CodeAnalysis.CSharp.CodeStyle": {
        "type": "Direct",
        "requested": "[3.9.0, )",
        "resolved": "3.9.0",
        "contentHash": "g6W0Qsdt28XGWRvxlb91//Jk0+9XsndLh+A8c0wpFUOXxJ+tTy0PPX9NcjJN1H/n3nFlv5nCK6j7bykElbNcJg=="
      },
      "StyleCop.Analyzers": {
        "type": "Direct",
        "requested": "[1.2.0-beta.321, )",
        "resolved": "1.2.0-beta.321",
        "contentHash": "immyDIuCjDT2sxv+mAhQ2IH4HyiHJkAvKqK7l1ksJDWAOdeAvkco7EZ14IGWbiWNOEBRm1p7P9UAbfgT9aJSEA==",
        "dependencies": {
          "StyleCop.Analyzers.Unstable": "1.2.0.321"
        }
      },
      "StyleCop.Analyzers.Unstable": {
        "type": "Transitive",
        "resolved": "1.2.0.321",
        "contentHash": "CLL1cwvzGyXsCDzHQuAV3STrkIfTXqlS/vnxJTlSiRmmFjnTnoNVIZWwv738/hWxoh8MjPyHlp7eLossZIB5kg=="
      }
    }
  }
}